
Microsoft Visual Studio Solution File, Format Version 12.00
# Visual Studio Version 17
VisualStudioVersion = 17.11.35208.52
MinimumVisualStudioVersion = 10.0.40219.1
Project("{9A19103F-16F7-4668-BE54-9A1E7A4F7556}") = "Formula", "Formula\Formula.csproj", "{EA39C6CB-E1D9-458A-980D-0E2DDE7B8331}"
EndProject
Project("{FAE04EC0-301F-11D3-BF4B-00C04F79EFBC}") = "FormulaTests", "FormulaTests\FormulaTests.csproj", "{4C3ECC50-683D-48DA-9DDD-B52B410F406C}"
EndProject
Global
	GlobalSection(SolutionConfigurationPlatforms) = preSolution
		Debug|Any CPU = Debug|Any CPU
		Release|Any CPU = Release|Any CPU
	EndGlobalSection
	GlobalSection(ProjectConfigurationPlatforms) = postSolution
		{EA39C6CB-E1D9-458A-980D-0E2DDE7B8331}.Debug|Any CPU.ActiveCfg = Debug|Any CPU
		{EA39C6CB-E1D9-458A-980D-0E2DDE7B8331}.Debug|Any CPU.Build.0 = Debug|Any CPU
		{EA39C6CB-E1D9-458A-980D-0E2DDE7B8331}.Release|Any CPU.ActiveCfg = Release|Any CPU
		{EA39C6CB-E1D9-458A-980D-0E2DDE7B8331}.Release|Any CPU.Build.0 = Release|Any CPU
		{4C3ECC50-683D-48DA-9DDD-B52B410F406C}.Debug|Any CPU.ActiveCfg = Debug|Any CPU
		{4C3ECC50-683D-48DA-9DDD-B52B410F406C}.Debug|Any CPU.Build.0 = Debug|Any CPU
		{4C3ECC50-683D-48DA-9DDD-B52B410F406C}.Release|Any CPU.ActiveCfg = Release|Any CPU
		{4C3ECC50-683D-48DA-9DDD-B52B410F406C}.Release|Any CPU.Build.0 = Release|Any CPU
	EndGlobalSection
	GlobalSection(SolutionProperties) = preSolution
		HideSolutionNode = FALSE
	EndGlobalSection
	GlobalSection(ExtensibilityGlobals) = postSolution
		SolutionGuid = {9F1C423F-0FA5-43F9-92F4-008E3DCA7ECB}
	EndGlobalSection
EndGlobal
